
Microsoft Visual Studio Solution File, Format Version 12.00
# Visual Studio Version 17
VisualStudioVersion = 17.1.32328.378
MinimumVisualStudioVersion = 10.0.40219.1
Project("{8BC9CEB8-8B4A-11D0-8D11-00A0C91BC942}") = "HelloWorld", "HelloWorld\HelloWorld.vcxproj", "{04F68A75-72A5-44DB-95EB-84D66405DF3C}"
EndProject
Project("{8BC9CEB8-8B4A-11D0-8D11-00A0C91BC942}") = "Decimal2Binario", "Decimal2Binario\Decimal2Binario.vcxproj", "{964C6279-8D2C-46E6-B701-B85BC37FCB7C}"
EndProject
Project("{2150E333-8FDC-42A3-9474-1A3956D46DE8}") = "Semana1", "Semana1", "{3F21D378-B77F-454F-9E3E-8E15E631C12F}"
EndProject
Project("{2150E333-8FDC-42A3-9474-1A3956D46DE8}") = "Semana2", "Semana2", "{701CB191-5D77-481A-A7BB-AF73880FB9A7}"
EndProject
Project("{8BC9CEB8-8B4A-11D0-8D11-00A0C91BC942}") = "EjemploClase", "EjemploClase\EjemploClase.vcxproj", "{56CD7EA2-E832-45CA-84B8-CDD20BDCA36F}"
EndProject
Project("{8BC9CEB8-8B4A-11D0-8D11-00A0C91BC942}") = "EjemploRacional", "EjemploRacional\EjemploRacional.vcxproj", "{2DD2E7EA-75C8-458F-BB0C-78E5F8343181}"
EndProject
Project("{2150E333-8FDC-42A3-9474-1A3956D46DE8}") = "Semana3", "Semana3", "{5CD64E6B-1ECE-4EEB-96D1-33539C351200}"
EndProject
Project("{8BC9CEB8-8B4A-11D0-8D11-00A0C91BC942}") = "EjemploSobrecargaOperadores", "EjemploSobrecargaOperadores\EjemploSobrecargaOperadores.vcxproj", "{EF77992F-717B-4EEC-9D9A-57B45C26927A}"
EndProject
Global
	GlobalSection(SolutionConfigurationPlatforms) = preSolution
		Debug|x64 = Debug|x64
		Debug|x86 = Debug|x86
		Release|x64 = Release|x64
		Release|x86 = Release|x86
	EndGlobalSection
	GlobalSection(ProjectConfigurationPlatforms) = postSolution
		{04F68A75-72A5-44DB-95EB-84D66405DF3C}.Debug|x64.ActiveCfg = Debug|x64
		{04F68A75-72A5-44DB-95EB-84D66405DF3C}.Debug|x64.Build.0 = Debug|x64
		{04F68A75-72A5-44DB-95EB-84D66405DF3C}.Debug|x86.ActiveCfg = Debug|Win32
		{04F68A75-72A5-44DB-95EB-84D66405DF3C}.Debug|x86.Build.0 = Debug|Win32
		{04F68A75-72A5-44DB-95EB-84D66405DF3C}.Release|x64.ActiveCfg = Release|x64
		{04F68A75-72A5-44DB-95EB-84D66405DF3C}.Release|x64.Build.0 = Release|x64
		{04F68A75-72A5-44DB-95EB-84D66405DF3C}.Release|x86.ActiveCfg = Release|Win32
		{04F68A75-72A5-44DB-95EB-84D66405DF3C}.Release|x86.Build.0 = Release|Win32
		{964C6279-8D2C-46E6-B701-B85BC37FCB7C}.Debug|x64.ActiveCfg = Debug|x64
		{964C6279-8D2C-46E6-B701-B85BC37FCB7C}.Debug|x64.Build.0 = Debug|x64
		{964C6279-8D2C-46E6-B701-B85BC37FCB7C}.Debug|x86.ActiveCfg = Debug|Win32
		{964C6279-8D2C-46E6-B701-B85BC37FCB7C}.Debug|x86.Build.0 = Debug|Win32
		{964C6279-8D2C-46E6-B701-B85BC37FCB7C}.Release|x64.ActiveCfg = Release|x64
		{964C6279-8D2C-46E6-B701-B85BC37FCB7C}.Release|x64.Build.0 = Release|x64
		{964C6279-8D2C-46E6-B701-B85BC37FCB7C}.Release|x86.ActiveCfg = Release|Win32
		{964C6279-8D2C-46E6-B701-B85BC37FCB7C}.Release|x86.Build.0 = Release|Win32
		{56CD7EA2-E832-45CA-84B8-CDD20BDCA36F}.Debug|x64.ActiveCfg = Debug|x64
		{56CD7EA2-E832-45CA-84B8-CDD20BDCA36F}.Debug|x64.Build.0 = Debug|x64
		{56CD7EA2-E832-45CA-84B8-CDD20BDCA36F}.Debug|x86.ActiveCfg = Debug|Win32
		{56CD7EA2-E832-45CA-84B8-CDD20BDCA36F}.Debug|x86.Build.0 = Debug|Win32
		{56CD7EA2-E832-45CA-84B8-CDD20BDCA36F}.Release|x64.ActiveCfg = Release|x64
		{56CD7EA2-E832-45CA-84B8-CDD20BDCA36F}.Release|x64.Build.0 = Release|x64
		{56CD7EA2-E832-45CA-84B8-CDD20BDCA36F}.Release|x86.ActiveCfg = Release|Win32
		{56CD7EA2-E832-45CA-84B8-CDD20BDCA36F}.Release|x86.Build.0 = Release|Win32
		{2DD2E7EA-75C8-458F-BB0C-78E5F8343181}.Debug|x64.ActiveCfg = Debug|x64
		{2DD2E7EA-75C8-458F-BB0C-78E5F8343181}.Debug|x64.Build.0 = Debug|x64
		{2DD2E7EA-75C8-458F-BB0C-78E5F8343181}.Debug|x86.ActiveCfg = Debug|Win32
		{2DD2E7EA-75C8-458F-BB0C-78E5F8343181}.Debug|x86.Build.0 = Debug|Win32
		{2DD2E7EA-75C8-458F-BB0C-78E5F8343181}.Release|x64.ActiveCfg = Release|x64
		{2DD2E7EA-75C8-458F-BB0C-78E5F8343181}.Release|x64.Build.0 = Release|x64
		{2DD2E7EA-75C8-458F-BB0C-78E5F8343181}.Release|x86.ActiveCfg = Release|Win32
		{2DD2E7EA-75C8-458F-BB0C-78E5F8343181}.Release|x86.Build.0 = Release|Win32
		{EF77992F-717B-4EEC-9D9A-57B45C26927A}.Debug|x64.ActiveCfg = Debug|x64
		{EF77992F-717B-4EEC-9D9A-57B45C26927A}.Debug|x64.Build.0 = Debug|x64
		{EF77992F-717B-4EEC-9D9A-57B45C26927A}.Debug|x86.ActiveCfg = Debug|Win32
		{EF77992F-717B-4EEC-9D9A-57B45C26927A}.Debug|x86.Build.0 = Debug|Win32
		{EF77992F-717B-4EEC-9D9A-57B45C26927A}.Release|x64.ActiveCfg = Release|x64
		{EF77992F-717B-4EEC-9D9A-57B45C26927A}.Release|x64.Build.0 = Release|x64
		{EF77992F-717B-4EEC-9D9A-57B45C26927A}.Release|x86.ActiveCfg = Release|Win32
		{EF77992F-717B-4EEC-9D9A-57B45C26927A}.Release|x86.Build.0 = Release|Win32
	EndGlobalSection
	GlobalSection(SolutionProperties) = preSolution
		HideSolutionNode = FALSE
	EndGlobalSection
	GlobalSection(NestedProjects) = preSolution
		{04F68A75-72A5-44DB-95EB-84D66405DF3C} = {3F21D378-B77F-454F-9E3E-8E15E631C12F}
		{964C6279-8D2C-46E6-B701-B85BC37FCB7C} = {701CB191-5D77-481A-A7BB-AF73880FB9A7}
		{56CD7EA2-E832-45CA-84B8-CDD20BDCA36F} = {701CB191-5D77-481A-A7BB-AF73880FB9A7}
		{2DD2E7EA-75C8-458F-BB0C-78E5F8343181} = {701CB191-5D77-481A-A7BB-AF73880FB9A7}
		{EF77992F-717B-4EEC-9D9A-57B45C26927A} = {5CD64E6B-1ECE-4EEB-96D1-33539C351200}
	EndGlobalSection
	GlobalSection(ExtensibilityGlobals) = postSolution
		SolutionGuid = {8C6F18A5-6C35-4525-B3ED-BD1E6CCF2187}
	EndGlobalSection
EndGlobal
